
Microsoft Visual Studio Solution File, Format Version 12.00
# Visual Studio Version 17
VisualStudioVersion = 17.9.34616.47
MinimumVisualStudioVersion = 10.0.40219.1
Project("{9A19103F-16F7-4668-BE54-9A1E7A4F7556}") = "GoodsService", "GoodsService\GoodsService.csproj", "{F8441D37-C82F-4D09-BFA6-7C5FC33A8563}"
EndProject
Project("{9A19103F-16F7-4668-BE54-9A1E7A4F7556}") = "GoodsService.Tests.Integration", "GoodsService.Tests.Integration\GoodsService.Tests.Integration.csproj", "{57238C84-B7C3-4F2C-B768-CBA2B8197FDD}"
EndProject
Global
	GlobalSection(SolutionConfigurationPlatforms) = preSolution
		Debug|Any CPU = Debug|Any CPU
		Release|Any CPU = Release|Any CPU
	EndGlobalSection
	GlobalSection(ProjectConfigurationPlatforms) = postSolution
		{F8441D37-C82F-4D09-BFA6-7C5FC33A8563}.Debug|Any CPU.ActiveCfg = Debug|Any CPU
		{F8441D37-C82F-4D09-BFA6-7C5FC33A8563}.Debug|Any CPU.Build.0 = Debug|Any CPU
		{F8441D37-C82F-4D09-BFA6-7C5FC33A8563}.Release|Any CPU.ActiveCfg = Release|Any CPU
		{F8441D37-C82F-4D09-BFA6-7C5FC33A8563}.Release|Any CPU.Build.0 = Release|Any CPU
		{57238C84-B7C3-4F2C-B768-CBA2B8197FDD}.Debug|Any CPU.ActiveCfg = Debug|Any CPU
		{57238C84-B7C3-4F2C-B768-CBA2B8197FDD}.Debug|Any CPU.Build.0 = Debug|Any CPU
		{57238C84-B7C3-4F2C-B768-CBA2B8197FDD}.Release|Any CPU.ActiveCfg = Release|Any CPU
		{57238C84-B7C3-4F2C-B768-CBA2B8197FDD}.Release|Any CPU.Build.0 = Release|Any CPU
	EndGlobalSection
	GlobalSection(SolutionProperties) = preSolution
		HideSolutionNode = FALSE
	EndGlobalSection
	GlobalSection(ExtensibilityGlobals) = postSolution
		SolutionGuid = {F1BD1D50-8C12-4E99-AF3D-622892FE3506}
	EndGlobalSection
EndGlobal
